// !$*UTF8*$!
{
	archiveVersion = 1;
	classes = {
	};
	objectVersion = 46;
	objects = {

/* Begin PBXBuildFile section */
		0334F4C6180C724A005E552F /* Foundation.framework in Frameworks */ = {isa = PBXBuildFile; fileRef = 0334F4C5180C724A005E552F /* Foundation.framework */; };
		0334F4C8180C724A005E552F /* CoreGraphics.framework in Frameworks */ = {isa = PBXBuildFile; fileRef = 0334F4C7180C724A005E552F /* CoreGraphics.framework */; };
		0334F4CA180C724A005E552F /* UIKit.framework in Frameworks */ = {isa = PBXBuildFile; fileRef = 0334F4C9180C724A005E552F /* UIKit.framework */; };
		0334F4D0180C724A005E552F /* InfoPlist.strings in Resources */ = {isa = PBXBuildFile; fileRef = 0334F4CE180C724A005E552F /* InfoPlist.strings */; };
		0334F4D2180C724A005E552F /* main.m in Sources */ = {isa = PBXBuildFile; fileRef = 0334F4D1180C724A005E552F /* main.m */; };
		0334F4D6180C724A005E552F /* ahnAppDelegate.m in Sources */ = {isa = PBXBuildFile; fileRef = 0334F4D5180C724A005E552F /* ahnAppDelegate.m */; };
		0334F4D9180C724A005E552F /* Main.storyboard in Resources */ = {isa = PBXBuildFile; fileRef = 0334F4D7180C724A005E552F /* Main.storyboard */; };
		0334F4DC180C724A005E552F /* ahnViewController.m in Sources */ = {isa = PBXBuildFile; fileRef = 0334F4DB180C724A005E552F /* ahnViewController.m */; };
		0334F4DE180C724A005E552F /* Images.xcassets in Resources */ = {isa = PBXBuildFile; fileRef = 0334F4DD180C724A005E552F /* Images.xcassets */; };
		0334F4E5180C724A005E552F /* XCTest.framework in Frameworks */ = {isa = PBXBuildFile; fileRef = 0334F4E4180C724A005E552F /* XCTest.framework */; };
		0334F4E6180C724A005E552F /* Foundation.framework in Frameworks */ = {isa = PBXBuildFile; fileRef = 0334F4C5180C724A005E552F /* Foundation.framework */; };
		0334F4E7180C724A005E552F /* UIKit.framework in Frameworks */ = {isa = PBXBuildFile; fileRef = 0334F4C9180C724A005E552F /* UIKit.framework */; };
		0334F4EF180C724A005E552F /* InfoPlist.strings in Resources */ = {isa = PBXBuildFile; fileRef = 0334F4ED180C724A005E552F /* InfoPlist.strings */; };
		0334F4F1180C724A005E552F /* ahnCalendarTests.m in Sources */ = {isa = PBXBuildFile; fileRef = 0334F4F0180C724A005E552F /* ahnCalendarTests.m */; };
		0334F4FC180C725B005E552F /* ahnCalendar.m in Sources */ = {isa = PBXBuildFile; fileRef = 0334F4FB180C725B005E552F /* ahnCalendar.m */; };
		0334F4FF180C77A6005E552F /* ahnDatesView.m in Sources */ = {isa = PBXBuildFile; fileRef = 0334F4FE180C77A6005E552F /* ahnDatesView.m */; };
		037B871D180DB1690078CE41 /* ahnCalendarHelper.m in Sources */ = {isa = PBXBuildFile; fileRef = 037B871C180DB1690078CE41 /* ahnCalendarHelper.m */; };
		037B8720180DBC5E0078CE41 /* ahnCalendarCellView.m in Sources */ = {isa = PBXBuildFile; fileRef = 037B871F180DBC5E0078CE41 /* ahnCalendarCellView.m */; };
		037B8723180DE9680078CE41 /* ahnEventIndicatorView.m in Sources */ = {isa = PBXBuildFile; fileRef = 037B8722180DE9680078CE41 /* ahnEventIndicatorView.m */; };
		037B8725180E0C450078CE41 /* QuartzCore.framework in Frameworks */ = {isa = PBXBuildFile; fileRef = 037B8724180E0C450078CE41 /* QuartzCore.framework */; };
		03B572CB180CCBCE00F00C94 /* NSDate+NSDate_ahnDateComponents.m in Sources */ = {isa = PBXBuildFile; fileRef = 03B572CA180CCBCE00F00C94 /* NSDate+NSDate_ahnDateComponents.m */; };
		03F84CCB180F4C1900E9BD9E /* ahnEvent.m in Sources */ = {isa = PBXBuildFile; fileRef = 03F84CCA180F4C1900E9BD9E /* ahnEvent.m */; };
/* End PBXBuildFile section */

/* Begin PBXContainerItemProxy section */
		0334F4E8180C724A005E552F /* PBXContainerItemProxy */ = {
			isa = PBXContainerItemProxy;
			containerPortal = 0334F4BA180C724A005E552F /* Project object */;
			proxyType = 1;
			remoteGlobalIDString = 0334F4C1180C724A005E552F;
			remoteInfo = ahnCalendar;
		};
/* End PBXContainerItemProxy section */

/* Begin PBXFileReference section */
		0334F4C2180C724A005E552F /* ahnCalendar.app */ = {isa = PBXFileReference; explicitFileType = wrapper.application; includeInIndex = 0; path = ahnCalendar.app; sourceTree = BUILT_PRODUCTS_DIR; };
		0334F4C5180C724A005E552F /* Foundation.framework */ = {isa = PBXFileReference; lastKnownFileType = wrapper.framework; name = Foundation.framework; path = System/Library/Frameworks/Foundation.framework; sourceTree = SDKROOT; };
		0334F4C7180C724A005E552F /* CoreGraphics.framework */ = {isa = PBXFileReference; lastKnownFileType = wrapper.framework; name = CoreGraphics.framework; path = System/Library/Frameworks/CoreGraphics.framework; sourceTree = SDKROOT; };
		0334F4C9180C724A005E552F /* UIKit.framework */ = {isa = PBXFileReference; lastKnownFileType = wrapper.framework; name = UIKit.framework; path = System/Library/Frameworks/UIKit.framework; sourceTree = SDKROOT; };
		0334F4CD180C724A005E552F /* ahnCalendar-Info.plist */ = {isa = PBXFileReference; lastKnownFileType = text.plist.xml; path = "ahnCalendar-Info.plist"; sourceTree = "<group>"; };
		0334F4CF180C724A005E552F /* en */ = {isa = PBXFileReference; lastKnownFileType = text.plist.strings; name = en; path = en.lproj/InfoPlist.strings; sourceTree = "<group>"; };
		0334F4D1180C724A005E552F /* main.m */ = {isa = PBXFileReference; lastKnownFileType = sourcecode.c.objc; path = main.m; sourceTree = "<group>"; };
		0334F4D3180C724A005E552F /* ahnCalendar-Prefix.pch */ = {isa = PBXFileReference; lastKnownFileType = sourcecode.c.h; path = "ahnCalendar-Prefix.pch"; sourceTree = "<group>"; };
		0334F4D4180C724A005E552F /* ahnAppDelegate.h */ = {isa = PBXFileReference; lastKnownFileType = sourcecode.c.h; path = ahnAppDelegate.h; sourceTree = "<group>"; };
		0334F4D5180C724A005E552F /* ahnAppDelegate.m */ = {isa = PBXFileReference; lastKnownFileType = sourcecode.c.objc; path = ahnAppDelegate.m; sourceTree = "<group>"; };
		0334F4D8180C724A005E552F /* Base */ = {isa = PBXFileReference; lastKnownFileType = file.storyboard; name = Base; path = Base.lproj/Main.storyboard; sourceTree = "<group>"; };
		0334F4DA180C724A005E552F /* ahnViewController.h */ = {isa = PBXFileReference; lastKnownFileType = sourcecode.c.h; path = ahnViewController.h; sourceTree = "<group>"; };
		0334F4DB180C724A005E552F /* ahnViewController.m */ = {isa = PBXFileReference; lastKnownFileType = sourcecode.c.objc; path = ahnViewController.m; sourceTree = "<group>"; };
		0334F4DD180C724A005E552F /* Images.xcassets */ = {isa = PBXFileReference; lastKnownFileType = folder.assetcatalog; path = Images.xcassets; sourceTree = "<group>"; };
		0334F4E3180C724A005E552F /* ahnCalendarTests.xctest */ = {isa = PBXFileReference; explicitFileType = wrapper.cfbundle; includeInIndex = 0; path = ahnCalendarTests.xctest; sourceTree = BUILT_PRODUCTS_DIR; };
		0334F4E4180C724A005E552F /* XCTest.framework */ = {isa = PBXFileReference; lastKnownFileType = wrapper.framework; name = XCTest.framework; path = Library/Frameworks/XCTest.framework; sourceTree = DEVELOPER_DIR; };
		0334F4EC180C724A005E552F /* ahnCalendarTests-Info.plist */ = {isa = PBXFileReference; lastKnownFileType = text.plist.xml; path = "ahnCalendarTests-Info.plist"; sourceTree = "<group>"; };
		0334F4EE180C724A005E552F /* en */ = {isa = PBXFileReference; lastKnownFileType = text.plist.strings; name = en; path = en.lproj/InfoPlist.strings; sourceTree = "<group>"; };
		0334F4F0180C724A005E552F /* ahnCalendarTests.m */ = {isa = PBXFileReference; lastKnownFileType = sourcecode.c.objc; path = ahnCalendarTests.m; sourceTree = "<group>"; };
		0334F4FA180C725B005E552F /* ahnCalendar.h */ = {isa = PBXFileReference; fileEncoding = 4; lastKnownFileType = sourcecode.c.h; path = ahnCalendar.h; sourceTree = "<group>"; };
		0334F4FB180C725B005E552F /* ahnCalendar.m */ = {isa = PBXFileReference; fileEncoding = 4; lastKnownFileType = sourcecode.c.objc; path = ahnCalendar.m; sourceTree = "<group>"; };
		0334F4FD180C77A6005E552F /* ahnDatesView.h */ = {isa = PBXFileReference; fileEncoding = 4; lastKnownFileType = sourcecode.c.h; path = ahnDatesView.h; sourceTree = "<group>"; };
		0334F4FE180C77A6005E552F /* ahnDatesView.m */ = {isa = PBXFileReference; fileEncoding = 4; lastKnownFileType = sourcecode.c.objc; path = ahnDatesView.m; sourceTree = "<group>"; };
		037B871B180DB1690078CE41 /* ahnCalendarHelper.h */ = {isa = PBXFileReference; fileEncoding = 4; lastKnownFileType = sourcecode.c.h; path = ahnCalendarHelper.h; sourceTree = "<group>"; };
		037B871C180DB1690078CE41 /* ahnCalendarHelper.m */ = {isa = PBXFileReference; fileEncoding = 4; lastKnownFileType = sourcecode.c.objc; path = ahnCalendarHelper.m; sourceTree = "<group>"; };
		037B871E180DBC5E0078CE41 /* ahnCalendarCellView.h */ = {isa = PBXFileReference; fileEncoding = 4; lastKnownFileType = sourcecode.c.h; path = ahnCalendarCellView.h; sourceTree = "<group>"; };
		037B871F180DBC5E0078CE41 /* ahnCalendarCellView.m */ = {isa = PBXFileReference; fileEncoding = 4; lastKnownFileType = sourcecode.c.objc; path = ahnCalendarCellView.m; sourceTree = "<group>"; };
		037B8721180DE9680078CE41 /* ahnEventIndicatorView.h */ = {isa = PBXFileReference; fileEncoding = 4; lastKnownFileType = sourcecode.c.h; path = ahnEventIndicatorView.h; sourceTree = "<group>"; };
		037B8722180DE9680078CE41 /* ahnEventIndicatorView.m */ = {isa = PBXFileReference; fileEncoding = 4; lastKnownFileType = sourcecode.c.objc; path = ahnEventIndicatorView.m; sourceTree = "<group>"; };
		037B8724180E0C450078CE41 /* QuartzCore.framework */ = {isa = PBXFileReference; lastKnownFileType = wrapper.framework; name = QuartzCore.framework; path = System/Library/Frameworks/QuartzCore.framework; sourceTree = SDKROOT; };
		03B572C9180CCBCE00F00C94 /* NSDate+NSDate_ahnDateComponents.h */ = {isa = PBXFileReference; fileEncoding = 4; lastKnownFileType = sourcecode.c.h; path = "NSDate+NSDate_ahnDateComponents.h"; sourceTree = "<group>"; };
		03B572CA180CCBCE00F00C94 /* NSDate+NSDate_ahnDateComponents.m */ = {isa = PBXFileReference; fileEncoding = 4; lastKnownFileType = sourcecode.c.objc; path = "NSDate+NSDate_ahnDateComponents.m"; sourceTree = "<group>"; };
		03F84CC9180F4C1900E9BD9E /* ahnEvent.h */ = {isa = PBXFileReference; fileEncoding = 4; lastKnownFileType = sourcecode.c.h; path = ahnEvent.h; sourceTree = "<group>"; };
		03F84CCA180F4C1900E9BD9E /* ahnEvent.m */ = {isa = PBXFileReference; fileEncoding = 4; lastKnownFileType = sourcecode.c.objc; path = ahnEvent.m; sourceTree = "<group>"; };
/* End PBXFileReference section */

/* Begin PBXFrameworksBuildPhase section */
		0334F4BF180C724A005E552F /* Frameworks */ = {
			isa = PBXFrameworksBuildPhase;
			buildActionMask = 2147483647;
			files = (
				037B8725180E0C450078CE41 /* QuartzCore.framework in Frameworks */,
				0334F4C8180C724A005E552F /* CoreGraphics.framework in Frameworks */,
				0334F4CA180C724A005E552F /* UIKit.framework in Frameworks */,
				0334F4C6180C724A005E552F /* Foundation.framework in Frameworks */,
			);
			runOnlyForDeploymentPostprocessing = 0;
		};
		0334F4E0180C724A005E552F /* Frameworks */ = {
			isa = PBXFrameworksBuildPhase;
			buildActionMask = 2147483647;
			files = (
				0334F4E5180C724A005E552F /* XCTest.framework in Frameworks */,
				0334F4E7180C724A005E552F /* UIKit.framework in Frameworks */,
				0334F4E6180C724A005E552F /* Foundation.framework in Frameworks */,
			);
			runOnlyForDeploymentPostprocessing = 0;
		};
/* End PBXFrameworksBuildPhase section */

/* Begin PBXGroup section */
		0334F4B9180C724A005E552F = {
			isa = PBXGroup;
			children = (
				03F84CCC180F608100E9BD9E /* ahnCalendar */,
				0334F4CB180C724A005E552F /* ahnCalendar */,
				0334F4EA180C724A005E552F /* ahnCalendarTests */,
				0334F4C4180C724A005E552F /* Frameworks */,
				0334F4C3180C724A005E552F /* Products */,
			);
			sourceTree = "<group>";
		};
		0334F4C3180C724A005E552F /* Products */ = {
			isa = PBXGroup;
			children = (
				0334F4C2180C724A005E552F /* ahnCalendar.app */,
				0334F4E3180C724A005E552F /* ahnCalendarTests.xctest */,
			);
			name = Products;
			sourceTree = "<group>";
		};
		0334F4C4180C724A005E552F /* Frameworks */ = {
			isa = PBXGroup;
			children = (
				037B8724180E0C450078CE41 /* QuartzCore.framework */,
				0334F4C5180C724A005E552F /* Foundation.framework */,
				0334F4C7180C724A005E552F /* CoreGraphics.framework */,
				0334F4C9180C724A005E552F /* UIKit.framework */,
				0334F4E4180C724A005E552F /* XCTest.framework */,
			);
			name = Frameworks;
			sourceTree = "<group>";
		};
		0334F4CB180C724A005E552F /* ahnCalendar */ = {
			isa = PBXGroup;
			children = (
				0334F4D4180C724A005E552F /* ahnAppDelegate.h */,
				0334F4D5180C724A005E552F /* ahnAppDelegate.m */,
				0334F4D7180C724A005E552F /* Main.storyboard */,
				0334F4DA180C724A005E552F /* ahnViewController.h */,
				0334F4DB180C724A005E552F /* ahnViewController.m */,
				0334F4DD180C724A005E552F /* Images.xcassets */,
				0334F4CC180C724A005E552F /* Supporting Files */,
			);
			path = ahnCalendar;
			sourceTree = "<group>";
		};
		0334F4CC180C724A005E552F /* Supporting Files */ = {
			isa = PBXGroup;
			children = (
				0334F4CD180C724A005E552F /* ahnCalendar-Info.plist */,
				0334F4CE180C724A005E552F /* InfoPlist.strings */,
				0334F4D1180C724A005E552F /* main.m */,
				0334F4D3180C724A005E552F /* ahnCalendar-Prefix.pch */,
			);
			name = "Supporting Files";
			sourceTree = "<group>";
		};
		0334F4EA180C724A005E552F /* ahnCalendarTests */ = {
			isa = PBXGroup;
			children = (
				0334F4F0180C724A005E552F /* ahnCalendarTests.m */,
				0334F4EB180C724A005E552F /* Supporting Files */,
			);
			path = ahnCalendarTests;
			sourceTree = "<group>";
		};
		0334F4EB180C724A005E552F /* Supporting Files */ = {
			isa = PBXGroup;
			children = (
				0334F4EC180C724A005E552F /* ahnCalendarTests-Info.plist */,
				0334F4ED180C724A005E552F /* InfoPlist.strings */,
			);
			name = "Supporting Files";
			sourceTree = "<group>";
		};
		03F84CCC180F608100E9BD9E /* ahnCalendar */ = {
			isa = PBXGroup;
			children = (
				03F84CC9180F4C1900E9BD9E /* ahnEvent.h */,
				03F84CCA180F4C1900E9BD9E /* ahnEvent.m */,
				037B8721180DE9680078CE41 /* ahnEventIndicatorView.h */,
				037B8722180DE9680078CE41 /* ahnEventIndicatorView.m */,
				037B871E180DBC5E0078CE41 /* ahnCalendarCellView.h */,
				037B871F180DBC5E0078CE41 /* ahnCalendarCellView.m */,
				037B871B180DB1690078CE41 /* ahnCalendarHelper.h */,
				037B871C180DB1690078CE41 /* ahnCalendarHelper.m */,
				03B572C9180CCBCE00F00C94 /* NSDate+NSDate_ahnDateComponents.h */,
				03B572CA180CCBCE00F00C94 /* NSDate+NSDate_ahnDateComponents.m */,
				0334F4FA180C725B005E552F /* ahnCalendar.h */,
				0334F4FB180C725B005E552F /* ahnCalendar.m */,
				0334F4FD180C77A6005E552F /* ahnDatesView.h */,
				0334F4FE180C77A6005E552F /* ahnDatesView.m */,
			);
			name = ahnCalendar;
			sourceTree = "<group>";
		};
/* End PBXGroup section */

/* Begin PBXNativeTarget section */
		0334F4C1180C724A005E552F /* ahnCalendar */ = {
			isa = PBXNativeTarget;
			buildConfigurationList = 0334F4F4180C724A005E552F /* Build configuration list for PBXNativeTarget "ahnCalendar" */;
			buildPhases = (
				0334F4BE180C724A005E552F /* Sources */,
				0334F4BF180C724A005E552F /* Frameworks */,
				0334F4C0180C724A005E552F /* Resources */,
			);
			buildRules = (
			);
			dependencies = (
			);
			name = ahnCalendar;
			productName = ahnCalendar;
			productReference = 0334F4C2180C724A005E552F /* ahnCalendar.app */;
			productType = "com.apple.product-type.application";
		};
		0334F4E2180C724A005E552F /* ahnCalendarTests */ = {
			isa = PBXNativeTarget;
			buildConfigurationList = 0334F4F7180C724A005E552F /* Build configuration list for PBXNativeTarget "ahnCalendarTests" */;
			buildPhases = (
				0334F4DF180C724A005E552F /* Sources */,
				0334F4E0180C724A005E552F /* Frameworks */,
				0334F4E1180C724A005E552F /* Resources */,
			);
			buildRules = (
			);
			dependencies = (
				0334F4E9180C724A005E552F /* PBXTargetDependency */,
			);
			name = ahnCalendarTests;
			productName = ahnCalendarTests;
			productReference = 0334F4E3180C724A005E552F /* ahnCalendarTests.xctest */;
			productType = "com.apple.product-type.bundle.unit-test";
		};
/* End PBXNativeTarget section */

/* Begin PBXProject section */
		0334F4BA180C724A005E552F /* Project object */ = {
			isa = PBXProject;
			attributes = {
				CLASSPREFIX = ahn;
				LastUpgradeCheck = 0500;
				ORGANIZATIONNAME = "Alexander Nagl";
				TargetAttributes = {
					0334F4E2180C724A005E552F = {
						TestTargetID = 0334F4C1180C724A005E552F;
					};
				};
			};
			buildConfigurationList = 0334F4BD180C724A005E552F /* Build configuration list for PBXProject "ahnCalendar" */;
			compatibilityVersion = "Xcode 3.2";
			developmentRegion = English;
			hasScannedForEncodings = 0;
			knownRegions = (
				en,
				Base,
			);
			mainGroup = 0334F4B9180C724A005E552F;
			productRefGroup = 0334F4C3180C724A005E552F /* Products */;
			projectDirPath = "";
			projectRoot = "";
			targets = (
				0334F4C1180C724A005E552F /* ahnCalendar */,
				0334F4E2180C724A005E552F /* ahnCalendarTests */,
			);
		};
/* End PBXProject section */

/* Begin PBXResourcesBuildPhase section */
		0334F4C0180C724A005E552F /* Resources */ = {
			isa = PBXResourcesBuildPhase;
			buildActionMask = 2147483647;
			files = (
				0334F4DE180C724A005E552F /* Images.xcassets in Resources */,
				0334F4D0180C724A005E552F /* InfoPlist.strings in Resources */,
				0334F4D9180C724A005E552F /* Main.storyboard in Resources */,
			);
			runOnlyForDeploymentPostprocessing = 0;
		};
		0334F4E1180C724A005E552F /* Resources */ = {
			isa = PBXResourcesBuildPhase;
			buildActionMask = 2147483647;
			files = (
				0334F4EF180C724A005E552F /* InfoPlist.strings in Resources */,
			);
			runOnlyForDeploymentPostprocessing = 0;
		};
/* End PBXResourcesBuildPhase section */

/* Begin PBXSourcesBuildPhase section */
		0334F4BE180C724A005E552F /* Sources */ = {
			isa = PBXSourcesBuildPhase;
			buildActionMask = 2147483647;
			files = (
				0334F4D6180C724A005E552F /* ahnAppDelegate.m in Sources */,
				0334F4FC180C725B005E552F /* ahnCalendar.m in Sources */,
				0334F4DC180C724A005E552F /* ahnViewController.m in Sources */,
				037B871D180DB1690078CE41 /* ahnCalendarHelper.m in Sources */,
				03F84CCB180F4C1900E9BD9E /* ahnEvent.m in Sources */,
				037B8720180DBC5E0078CE41 /* ahnCalendarCellView.m in Sources */,
				0334F4FF180C77A6005E552F /* ahnDatesView.m in Sources */,
				0334F4D2180C724A005E552F /* main.m in Sources */,
				037B8723180DE9680078CE41 /* ahnEventIndicatorView.m in Sources */,
				03B572CB180CCBCE00F00C94 /* NSDate+NSDate_ahnDateComponents.m in Sources */,
			);
			runOnlyForDeploymentPostprocessing = 0;
		};
		0334F4DF180C724A005E552F /* Sources */ = {
			isa = PBXSourcesBuildPhase;
			buildActionMask = 2147483647;
			files = (
				0334F4F1180C724A005E552F /* ahnCalendarTests.m in Sources */,
			);
			runOnlyForDeploymentPostprocessing = 0;
		};
/* End PBXSourcesBuildPhase section */

/* Begin PBXTargetDependency section */
		0334F4E9180C724A005E552F /* PBXTargetDependency */ = {
			isa = PBXTargetDependency;
			target = 0334F4C1180C724A005E552F /* ahnCalendar */;
			targetProxy = 0334F4E8180C724A005E552F /* PBXContainerItemProxy */;
		};
/* End PBXTargetDependency section */

/* Begin PBXVariantGroup section */
		0334F4CE180C724A005E552F /* InfoPlist.strings */ = {
			isa = PBXVariantGroup;
			children = (
				0334F4CF180C724A005E552F /* en */,
			);
			name = InfoPlist.strings;
			sourceTree = "<group>";
		};
		0334F4D7180C724A005E552F /* Main.storyboard */ = {
			isa = PBXVariantGroup;
			children = (
				0334F4D8180C724A005E552F /* Base */,
			);
			name = Main.storyboard;
			sourceTree = "<group>";
		};
		0334F4ED180C724A005E552F /* InfoPlist.strings */ = {
			isa = PBXVariantGroup;
			children = (
				0334F4EE180C724A005E552F /* en */,
			);
			name = InfoPlist.strings;
			sourceTree = "<group>";
		};
/* End PBXVariantGroup section */

/* Begin XCBuildConfiguration section */
		0334F4F2180C724A005E552F /* Debug */ = {
			isa = XCBuildConfiguration;
			buildSettings = {
				ALWAYS_SEARCH_USER_PATHS = NO;
				ARCHS = "$(ARCHS_STANDARD_INCLUDING_64_BIT)";
				CLANG_CXX_LANGUAGE_STANDARD = "gnu++0x";
				CLANG_CXX_LIBRARY = "libc++";
				CLANG_ENABLE_MODULES = YES;
				CLANG_ENABLE_OBJC_ARC = YES;
				CLANG_WARN_BOOL_CONVERSION = YES;
				CLANG_WARN_CONSTANT_CONVERSION = YES;
				CLANG_WARN_DIRECT_OBJC_ISA_USAGE = YES_ERROR;
				CLANG_WARN_EMPTY_BODY = YES;
				CLANG_WARN_ENUM_CONVERSION = YES;
				CLANG_WARN_INT_CONVERSION = YES;
				CLANG_WARN_OBJC_ROOT_CLASS = YES_ERROR;
				CLANG_WARN__DUPLICATE_METHOD_MATCH = YES;
				"CODE_SIGN_IDENTITY[sdk=iphoneos*]" = "iPhone Developer";
				COPY_PHASE_STRIP = NO;
				GCC_C_LANGUAGE_STANDARD = gnu99;
				GCC_DYNAMIC_NO_PIC = NO;
				GCC_OPTIMIZATION_LEVEL = 0;
				GCC_PREPROCESSOR_DEFINITIONS = (
					"DEBUG=1",
					"$(inherited)",
				);
				GCC_SYMBOLS_PRIVATE_EXTERN = NO;
				GCC_WARN_64_TO_32_BIT_CONVERSION = YES;
				GCC_WARN_ABOUT_RETURN_TYPE = YES_ERROR;
				GCC_WARN_UNDECLARED_SELECTOR = YES;
				GCC_WARN_UNINITIALIZED_AUTOS = YES;
				GCC_WARN_UNUSED_FUNCTION = YES;
				GCC_WARN_UNUSED_VARIABLE = YES;
				IPHONEOS_DEPLOYMENT_TARGET = 7.0;
				ONLY_ACTIVE_ARCH = YES;
				SDKROOT = iphoneos;
			};
			name = Debug;
		};
		0334F4F3180C724A005E552F /* Release */ = {
			isa = XCBuildConfiguration;
			buildSettings = {
				ALWAYS_SEARCH_USER_PATHS = NO;
				ARCHS = "$(ARCHS_STANDARD_INCLUDING_64_BIT)";
				CLANG_CXX_LANGUAGE_STANDARD = "gnu++0x";
				CLANG_CXX_LIBRARY = "libc++";
				CLANG_ENABLE_MODULES = YES;
				CLANG_ENABLE_OBJC_ARC = YES;
				CLANG_WARN_BOOL_CONVERSION = YES;
				CLANG_WARN_CONSTANT_CONVERSION = YES;
				CLANG_WARN_DIRECT_OBJC_ISA_USAGE = YES_ERROR;
				CLANG_WARN_EMPTY_BODY = YES;
				CLANG_WARN_ENUM_CONVERSION = YES;
				CLANG_WARN_INT_CONVERSION = YES;
				CLANG_WARN_OBJC_ROOT_CLASS = YES_ERROR;
				CLANG_WARN__DUPLICATE_METHOD_MATCH = YES;
				"CODE_SIGN_IDENTITY[sdk=iphoneos*]" = "iPhone Developer";
				COPY_PHASE_STRIP = YES;
				ENABLE_NS_ASSERTIONS = NO;
				GCC_C_LANGUAGE_STANDARD = gnu99;
				GCC_WARN_64_TO_32_BIT_CONVERSION = YES;
				GCC_WARN_ABOUT_RETURN_TYPE = YES_ERROR;
				GCC_WARN_UNDECLARED_SELECTOR = YES;
				GCC_WARN_UNINITIALIZED_AUTOS = YES;
				GCC_WARN_UNUSED_FUNCTION = YES;
				GCC_WARN_UNUSED_VARIABLE = YES;
				IPHONEOS_DEPLOYMENT_TARGET = 7.0;
				SDKROOT = iphoneos;
				VALIDATE_PRODUCT = YES;
			};
			name = Release;
		};
		0334F4F5180C724A005E552F /* Debug */ = {
			isa = XCBuildConfiguration;
			buildSettings = {
				ASSETCATALOG_COMPILER_APPICON_NAME = AppIcon;
				ASSETCATALOG_COMPILER_LAUNCHIMAGE_NAME = LaunchImage;
				GCC_PRECOMPILE_PREFIX_HEADER = YES;
				GCC_PREFIX_HEADER = "ahnCalendar/ahnCalendar-Prefix.pch";
				INFOPLIST_FILE = "ahnCalendar/ahnCalendar-Info.plist";
				PRODUCT_NAME = "$(TARGET_NAME)";
				WRAPPER_EXTENSION = app;
			};
			name = Debug;
		};
		0334F4F6180C724A005E552F /* Release */ = {
			isa = XCBuildConfiguration;
			buildSettings = {
				ASSETCATALOG_COMPILER_APPICON_NAME = AppIcon;
				ASSETCATALOG_COMPILER_LAUNCHIMAGE_NAME = LaunchImage;
				GCC_PRECOMPILE_PREFIX_HEADER = YES;
				GCC_PREFIX_HEADER = "ahnCalendar/ahnCalendar-Prefix.pch";
				INFOPLIST_FILE = "ahnCalendar/ahnCalendar-Info.plist";
				PRODUCT_NAME = "$(TARGET_NAME)";
				WRAPPER_EXTENSION = app;
			};
			name = Release;
		};
		0334F4F8180C724A005E552F /* Debug */ = {
			isa = XCBuildConfiguration;
			buildSettings = {
				ARCHS = "$(ARCHS_STANDARD_INCLUDING_64_BIT)";
				BUNDLE_LOADER = "$(BUILT_PRODUCTS_DIR)/ahnCalendar.app/ahnCalendar";
				FRAMEWORK_SEARCH_PATHS = (
					"$(SDKROOT)/Developer/Library/Frameworks",
					"$(inherited)",
					"$(DEVELOPER_FRAMEWORKS_DIR)",
				);
				GCC_PRECOMPILE_PREFIX_HEADER = YES;
				GCC_PREFIX_HEADER = "ahnCalendar/ahnCalendar-Prefix.pch";
				GCC_PREPROCESSOR_DEFINITIONS = (
					"DEBUG=1",
					"$(inherited)",
				);
				INFOPLIST_FILE = "ahnCalendarTests/ahnCalendarTests-Info.plist";
				PRODUCT_NAME = "$(TARGET_NAME)";
				TEST_HOST = "$(BUNDLE_LOADER)";
				WRAPPER_EXTENSION = xctest;
			};
			name = Debug;
		};
		0334F4F9180C724A005E552F /* Release */ = {
			isa = XCBuildConfiguration;
			buildSettings = {
				ARCHS = "$(ARCHS_STANDARD_INCLUDING_64_BIT)";
				BUNDLE_LOADER = "$(BUILT_PRODUCTS_DIR)/ahnCalendar.app/ahnCalendar";
				FRAMEWORK_SEARCH_PATHS = (
					"$(SDKROOT)/Developer/Library/Frameworks",
					"$(inherited)",
					"$(DEVELOPER_FRAMEWORKS_DIR)",
				);
				GCC_PRECOMPILE_PREFIX_HEADER = YES;
				GCC_PREFIX_HEADER = "ahnCalendar/ahnCalendar-Prefix.pch";
				INFOPLIST_FILE = "ahnCalendarTests/ahnCalendarTests-Info.plist";
				PRODUCT_NAME = "$(TARGET_NAME)";
				TEST_HOST = "$(BUNDLE_LOADER)";
				WRAPPER_EXTENSION = xctest;
			};
			name = Release;
		};
/* End XCBuildConfiguration section */

/* Begin XCConfigurationList section */
		0334F4BD180C724A005E552F /* Build configuration list for PBXProject "ahnCalendar" */ = {
			isa = XCConfigurationList;
			buildConfigurations = (
				0334F4F2180C724A005E552F /* Debug */,
				0334F4F3180C724A005E552F /* Release */,
			);
			defaultConfigurationIsVisible = 0;
			defaultConfigurationName = Release;
		};
		0334F4F4180C724A005E552F /* Build configuration list for PBXNativeTarget "ahnCalendar" */ = {
			isa = XCConfigurationList;
			buildConfigurations = (
				0334F4F5180C724A005E552F /* Debug */,
				0334F4F6180C724A005E552F /* Release */,
			);
			defaultConfigurationIsVisible = 0;
			defaultConfigurationName = Release;
		};
		0334F4F7180C724A005E552F /* Build configuration list for PBXNativeTarget "ahnCalendarTests" */ = {
			isa = XCConfigurationList;
			buildConfigurations = (
				0334F4F8180C724A005E552F /* Debug */,
				0334F4F9180C724A005E552F /* Release */,
			);
			defaultConfigurationIsVisible = 0;
			defaultConfigurationName = Release;
		};
/* End XCConfigurationList section */
	};
	rootObject = 0334F4BA180C724A005E552F /* Project object */;
}
